
Microsoft Visual Studio Solution File, Format Version 12.00
# Visual Studio Version 16
VisualStudioVersion = 16.0.29509.3
MinimumVisualStudioVersion = 10.0.40219.1
Project("{FAE04EC0-301F-11D3-BF4B-00C04F79EFBC}") = "ComLog.Db.Entities", "ComLog.Db.Entities\ComLog.Db.Entities.csproj", "{CC4E6D4B-F05C-455E-944B-289621F14223}"
EndProject
Project("{FAE04EC0-301F-11D3-BF4B-00C04F79EFBC}") = "ComLog.Loader", "ComLog.Loader\ComLog.Loader.csproj", "{72F35641-A005-4DFB-B09B-3C37736CB48B}"
EndProject
Project("{FAE04EC0-301F-11D3-BF4B-00C04F79EFBC}") = "ComLog.Db.MsSql", "ComLog.Db.MsSql\ComLog.Db.MsSql.csproj", "{B1C0A686-AB16-481E-B414-B2A88FA81A05}"
EndProject
Project("{FAE04EC0-301F-11D3-BF4B-00C04F79EFBC}") = "ComLog.Loader.Core", "ComLog.Loader.Core\ComLog.Loader.Core.csproj", "{00FEEC6F-7E8E-4F01-9650-C3539811CA94}"
EndProject
Project("{FAE04EC0-301F-11D3-BF4B-00C04F79EFBC}") = "ComLog.Dto", "ComLog.Dto\ComLog.Dto.csproj", "{9C00F992-EAB5-4CE2-B09C-AEFEBD5923BF}"
EndProject
Project("{FAE04EC0-301F-11D3-BF4B-00C04F79EFBC}") = "ComLog.WinForms", "ComLog.WinForms\ComLog.WinForms.csproj", "{197A7685-5033-4036-A26C-554E9B069D46}"
EndProject
Project("{FAE04EC0-301F-11D3-BF4B-00C04F79EFBC}") = "ComLog.Common", "ComLog.Common\ComLog.Common.csproj", "{74891EEB-643F-4375-84AF-05C2293671B4}"
EndProject
Project("{FAE04EC0-301F-11D3-BF4B-00C04F79EFBC}") = "CurEx.Db.Entities", "CurEx.Db.Entities\CurEx.Db.Entities.csproj", "{C887CC9C-2D98-4D9B-80D1-7B3BA4B7C89F}"
EndProject
Project("{2150E333-8FDC-42A3-9474-1A3956D46DE8}") = "CurEx", "CurEx", "{2BA6CD83-FFC4-4EE3-AF7A-C5CBD5E5DC25}"
EndProject
Project("{2150E333-8FDC-42A3-9474-1A3956D46DE8}") = "ComLog", "ComLog", "{D0F12C7F-D098-41F1-8A49-6BBE260EFA12}"
EndProject
Project("{FAE04EC0-301F-11D3-BF4B-00C04F79EFBC}") = "CurEx.Db.MsSql", "CurEx.Db.MsSql\CurEx.Db.MsSql.csproj", "{9AE87D95-52D0-4FF3-B826-4C6248128202}"
EndProject
Project("{FAE04EC0-301F-11D3-BF4B-00C04F79EFBC}") = "CurEx.WebApi", "CurEx.WebApi\CurEx.WebApi.csproj", "{5E4418E2-6F66-40AF-9787-AA229FBD9510}"
EndProject
Project("{FAE04EC0-301F-11D3-BF4B-00C04F79EFBC}") = "CurEx.Dto", "CurEx.Dto\CurEx.Dto.csproj", "{41879D37-EA16-4FCD-8902-B4601FF1E1C2}"
EndProject
Project("{FAE04EC0-301F-11D3-BF4B-00C04F79EFBC}") = "CurEx.Console", "CurEx.Console\CurEx.Console.csproj", "{8485B816-C2EE-43CB-AD54-0B0A6E43AF9C}"
EndProject
Project("{FAE04EC0-301F-11D3-BF4B-00C04F79EFBC}") = "ComLog.WebApi", "ComLog.WebApi\ComLog.WebApi.csproj", "{B71DA30E-87F3-465E-AC33-A5FE591676A0}"
EndProject
Project("{2150E333-8FDC-42A3-9474-1A3956D46DE8}") = "Loader", "Loader", "{989FE9BD-B934-473E-9CE8-5701EEF7DF7B}"
EndProject
Project("{FAE04EC0-301F-11D3-BF4B-00C04F79EFBC}") = "ComLog.Data.Interfaces", "ComLog.Data.Interfaces\ComLog.Data.Interfaces.csproj", "{3DAEE35B-F9C5-4F49-87E8-1D568EECB50B}"
EndProject
Global
	GlobalSection(SolutionConfigurationPlatforms) = preSolution
		Debug|Any CPU = Debug|Any CPU
		Release|Any CPU = Release|Any CPU
	EndGlobalSection
	GlobalSection(ProjectConfigurationPlatforms) = postSolution
		{CC4E6D4B-F05C-455E-944B-289621F14223}.Debug|Any CPU.ActiveCfg = Debug|Any CPU
		{CC4E6D4B-F05C-455E-944B-289621F14223}.Debug|Any CPU.Build.0 = Debug|Any CPU
		{CC4E6D4B-F05C-455E-944B-289621F14223}.Release|Any CPU.ActiveCfg = Release|Any CPU
		{CC4E6D4B-F05C-455E-944B-289621F14223}.Release|Any CPU.Build.0 = Release|Any CPU
		{72F35641-A005-4DFB-B09B-3C37736CB48B}.Debug|Any CPU.ActiveCfg = Debug|Any CPU
		{72F35641-A005-4DFB-B09B-3C37736CB48B}.Debug|Any CPU.Build.0 = Debug|Any CPU
		{72F35641-A005-4DFB-B09B-3C37736CB48B}.Release|Any CPU.ActiveCfg = Release|Any CPU
		{72F35641-A005-4DFB-B09B-3C37736CB48B}.Release|Any CPU.Build.0 = Release|Any CPU
		{B1C0A686-AB16-481E-B414-B2A88FA81A05}.Debug|Any CPU.ActiveCfg = Debug|Any CPU
		{B1C0A686-AB16-481E-B414-B2A88FA81A05}.Debug|Any CPU.Build.0 = Debug|Any CPU
		{B1C0A686-AB16-481E-B414-B2A88FA81A05}.Release|Any CPU.ActiveCfg = Release|Any CPU
		{B1C0A686-AB16-481E-B414-B2A88FA81A05}.Release|Any CPU.Build.0 = Release|Any CPU
		{00FEEC6F-7E8E-4F01-9650-C3539811CA94}.Debug|Any CPU.ActiveCfg = Debug|Any CPU
		{00FEEC6F-7E8E-4F01-9650-C3539811CA94}.Debug|Any CPU.Build.0 = Debug|Any CPU
		{00FEEC6F-7E8E-4F01-9650-C3539811CA94}.Release|Any CPU.ActiveCfg = Release|Any CPU
		{00FEEC6F-7E8E-4F01-9650-C3539811CA94}.Release|Any CPU.Build.0 = Release|Any CPU
		{9C00F992-EAB5-4CE2-B09C-AEFEBD5923BF}.Debug|Any CPU.ActiveCfg = Debug|Any CPU
		{9C00F992-EAB5-4CE2-B09C-AEFEBD5923BF}.Debug|Any CPU.Build.0 = Debug|Any CPU
		{9C00F992-EAB5-4CE2-B09C-AEFEBD5923BF}.Release|Any CPU.ActiveCfg = Release|Any CPU
		{9C00F992-EAB5-4CE2-B09C-AEFEBD5923BF}.Release|Any CPU.Build.0 = Release|Any CPU
		{197A7685-5033-4036-A26C-554E9B069D46}.Debug|Any CPU.ActiveCfg = Debug|Any CPU
		{197A7685-5033-4036-A26C-554E9B069D46}.Debug|Any CPU.Build.0 = Debug|Any CPU
		{197A7685-5033-4036-A26C-554E9B069D46}.Release|Any CPU.ActiveCfg = Release|Any CPU
		{197A7685-5033-4036-A26C-554E9B069D46}.Release|Any CPU.Build.0 = Release|Any CPU
		{74891EEB-643F-4375-84AF-05C2293671B4}.Debug|Any CPU.ActiveCfg = Debug|Any CPU
		{74891EEB-643F-4375-84AF-05C2293671B4}.Debug|Any CPU.Build.0 = Debug|Any CPU
		{74891EEB-643F-4375-84AF-05C2293671B4}.Release|Any CPU.ActiveCfg = Release|Any CPU
		{74891EEB-643F-4375-84AF-05C2293671B4}.Release|Any CPU.Build.0 = Release|Any CPU
		{C887CC9C-2D98-4D9B-80D1-7B3BA4B7C89F}.Debug|Any CPU.ActiveCfg = Debug|Any CPU
		{C887CC9C-2D98-4D9B-80D1-7B3BA4B7C89F}.Debug|Any CPU.Build.0 = Debug|Any CPU
		{C887CC9C-2D98-4D9B-80D1-7B3BA4B7C89F}.Release|Any CPU.ActiveCfg = Release|Any CPU
		{C887CC9C-2D98-4D9B-80D1-7B3BA4B7C89F}.Release|Any CPU.Build.0 = Release|Any CPU
		{9AE87D95-52D0-4FF3-B826-4C6248128202}.Debug|Any CPU.ActiveCfg = Debug|Any CPU
		{9AE87D95-52D0-4FF3-B826-4C6248128202}.Debug|Any CPU.Build.0 = Debug|Any CPU
		{9AE87D95-52D0-4FF3-B826-4C6248128202}.Release|Any CPU.ActiveCfg = Release|Any CPU
		{9AE87D95-52D0-4FF3-B826-4C6248128202}.Release|Any CPU.Build.0 = Release|Any CPU
		{5E4418E2-6F66-40AF-9787-AA229FBD9510}.Debug|Any CPU.ActiveCfg = Debug|Any CPU
		{5E4418E2-6F66-40AF-9787-AA229FBD9510}.Debug|Any CPU.Build.0 = Debug|Any CPU
		{5E4418E2-6F66-40AF-9787-AA229FBD9510}.Release|Any CPU.ActiveCfg = Release|Any CPU
		{5E4418E2-6F66-40AF-9787-AA229FBD9510}.Release|Any CPU.Build.0 = Release|Any CPU
		{41879D37-EA16-4FCD-8902-B4601FF1E1C2}.Debug|Any CPU.ActiveCfg = Debug|Any CPU
		{41879D37-EA16-4FCD-8902-B4601FF1E1C2}.Debug|Any CPU.Build.0 = Debug|Any CPU
		{41879D37-EA16-4FCD-8902-B4601FF1E1C2}.Release|Any CPU.ActiveCfg = Release|Any CPU
		{41879D37-EA16-4FCD-8902-B4601FF1E1C2}.Release|Any CPU.Build.0 = Release|Any CPU
		{8485B816-C2EE-43CB-AD54-0B0A6E43AF9C}.Debug|Any CPU.ActiveCfg = Debug|Any CPU
		{8485B816-C2EE-43CB-AD54-0B0A6E43AF9C}.Debug|Any CPU.Build.0 = Debug|Any CPU
		{8485B816-C2EE-43CB-AD54-0B0A6E43AF9C}.Release|Any CPU.ActiveCfg = Release|Any CPU
		{8485B816-C2EE-43CB-AD54-0B0A6E43AF9C}.Release|Any CPU.Build.0 = Release|Any CPU
		{B71DA30E-87F3-465E-AC33-A5FE591676A0}.Debug|Any CPU.ActiveCfg = Debug|Any CPU
		{B71DA30E-87F3-465E-AC33-A5FE591676A0}.Debug|Any CPU.Build.0 = Debug|Any CPU
		{B71DA30E-87F3-465E-AC33-A5FE591676A0}.Release|Any CPU.ActiveCfg = Release|Any CPU
		{B71DA30E-87F3-465E-AC33-A5FE591676A0}.Release|Any CPU.Build.0 = Release|Any CPU
		{3DAEE35B-F9C5-4F49-87E8-1D568EECB50B}.Debug|Any CPU.ActiveCfg = Debug|Any CPU
		{3DAEE35B-F9C5-4F49-87E8-1D568EECB50B}.Debug|Any CPU.Build.0 = Debug|Any CPU
		{3DAEE35B-F9C5-4F49-87E8-1D568EECB50B}.Release|Any CPU.ActiveCfg = Release|Any CPU
		{3DAEE35B-F9C5-4F49-87E8-1D568EECB50B}.Release|Any CPU.Build.0 = Release|Any CPU
	EndGlobalSection
	GlobalSection(SolutionProperties) = preSolution
		HideSolutionNode = FALSE
	EndGlobalSection
	GlobalSection(NestedProjects) = preSolution
		{CC4E6D4B-F05C-455E-944B-289621F14223} = {D0F12C7F-D098-41F1-8A49-6BBE260EFA12}
		{72F35641-A005-4DFB-B09B-3C37736CB48B} = {989FE9BD-B934-473E-9CE8-5701EEF7DF7B}
		{B1C0A686-AB16-481E-B414-B2A88FA81A05} = {D0F12C7F-D098-41F1-8A49-6BBE260EFA12}
		{00FEEC6F-7E8E-4F01-9650-C3539811CA94} = {989FE9BD-B934-473E-9CE8-5701EEF7DF7B}
		{9C00F992-EAB5-4CE2-B09C-AEFEBD5923BF} = {D0F12C7F-D098-41F1-8A49-6BBE260EFA12}
		{197A7685-5033-4036-A26C-554E9B069D46} = {D0F12C7F-D098-41F1-8A49-6BBE260EFA12}
		{74891EEB-643F-4375-84AF-05C2293671B4} = {D0F12C7F-D098-41F1-8A49-6BBE260EFA12}
		{C887CC9C-2D98-4D9B-80D1-7B3BA4B7C89F} = {2BA6CD83-FFC4-4EE3-AF7A-C5CBD5E5DC25}
		{9AE87D95-52D0-4FF3-B826-4C6248128202} = {2BA6CD83-FFC4-4EE3-AF7A-C5CBD5E5DC25}
		{5E4418E2-6F66-40AF-9787-AA229FBD9510} = {2BA6CD83-FFC4-4EE3-AF7A-C5CBD5E5DC25}
		{41879D37-EA16-4FCD-8902-B4601FF1E1C2} = {2BA6CD83-FFC4-4EE3-AF7A-C5CBD5E5DC25}
		{8485B816-C2EE-43CB-AD54-0B0A6E43AF9C} = {2BA6CD83-FFC4-4EE3-AF7A-C5CBD5E5DC25}
		{B71DA30E-87F3-465E-AC33-A5FE591676A0} = {D0F12C7F-D098-41F1-8A49-6BBE260EFA12}
		{3DAEE35B-F9C5-4F49-87E8-1D568EECB50B} = {D0F12C7F-D098-41F1-8A49-6BBE260EFA12}
	EndGlobalSection
	GlobalSection(ExtensibilityGlobals) = postSolution
		SolutionGuid = {417BEF68-7C0A-4310-AA20-3998DD805ABA}
	EndGlobalSection
EndGlobal
